
Microsoft Visual Studio Solution File, Format Version 12.00
# Visual Studio Version 16
VisualStudioVersion = 16.0.29411.108
MinimumVisualStudioVersion = 10.0.40219.1
Project("{FAE04EC0-301F-11D3-BF4B-00C04F79EFBC}") = "TTL", "TTL.csproj", "{84AE7F73-F856-4D42-9CF2-D1864B78ADDE}"
EndProject
Global
	GlobalSection(SolutionConfigurationPlatforms) = preSolution
		Debug|Any CPU = Debug|Any CPU
		Release|Any CPU = Release|Any CPU
	EndGlobalSection
	GlobalSection(ProjectConfigurationPlatforms) = postSolution
		{84AE7F73-F856-4D42-9CF2-D1864B78ADDE}.Debug|Any CPU.ActiveCfg = Debug|Any CPU
		{84AE7F73-F856-4D42-9CF2-D1864B78ADDE}.Debug|Any CPU.Build.0 = Debug|Any CPU
		{84AE7F73-F856-4D42-9CF2-D1864B78ADDE}.Release|Any CPU.ActiveCfg = Release|Any CPU
		{84AE7F73-F856-4D42-9CF2-D1864B78ADDE}.Release|Any CPU.Build.0 = Release|Any CPU
	EndGlobalSection
	GlobalSection(SolutionProperties) = preSolution
		HideSolutionNode = FALSE
	EndGlobalSection
	GlobalSection(ExtensibilityGlobals) = postSolution
		SolutionGuid = {E5B6824F-9DD5-408E-87F5-542E8CA1764E}
	EndGlobalSection
EndGlobal
